
Microsoft Visual Studio Solution File, Format Version 12.00
# Visual Studio Version 17
VisualStudioVersion = 17.0.31606.5
MinimumVisualStudioVersion = 15.0.26124.0
Project("{2150E333-8FDC-42A3-9474-1A3956D46DE8}") = "src", "src", "{1078C845-29AD-475F-9DB7-9DACB4422ABC}"
EndProject
Project("{2150E333-8FDC-42A3-9474-1A3956D46DE8}") = "examples", "examples", "{0A5440F7-A395-41CA-ACE5-817920F2172C}"
EndProject
Project("{2150E333-8FDC-42A3-9474-1A3956D46DE8}") = "Solution Items", "Solution Items", "{1B2BED7F-A089-4A26-999B-F0F96CCAD905}"
	ProjectSection(SolutionItems) = preProject
		.github\workflows\BuildAndTest.yml = .github\workflows\BuildAndTest.yml
		.github\workflows\CreateRelease.yml = .github\workflows\CreateRelease.yml
		Directory.Build.props = Directory.Build.props
		Generate-ReleaseNotes.bat = Generate-ReleaseNotes.bat
		PackageReleaseNotes.template = PackageReleaseNotes.template
		PackageReleaseNotes.txt = PackageReleaseNotes.txt
		README.md = README.md
		ReleaseNotes.md = ReleaseNotes.md
	EndProjectSection
EndProject
Project("{9A19103F-16F7-4668-BE54-9A1E7A4F7556}") = "Matroska", "src\Matroska\Matroska.csproj", "{B6269AAC-170A-4346-1234-579DED3D1234}"
EndProject
Project("{9A19103F-16F7-4668-BE54-9A1E7A4F7556}") = "MatroskaConsole", "examples\MatroskaConsole\MatroskaConsole.csproj", "{6113E57F-C635-45A2-B49D-2BB76193D6E9}"
EndProject
Project("{9A19103F-16F7-4668-BE54-9A1E7A4F7556}") = "Matroska.Muxer", "src\Matroska.Muxer\Matroska.Muxer.csproj", "{4C05193C-5952-4099-B7CE-F927AC956754}"
EndProject
Project("{2150E333-8FDC-42A3-9474-1A3956D46DE8}") = "tests", "tests", "{4B37A324-D592-4529-B155-3F2122723FFA}"
EndProject
Project("{9A19103F-16F7-4668-BE54-9A1E7A4F7556}") = "MatroskaDemuxer", "examples\MatroskaDemuxer\MatroskaDemuxer.csproj", "{924EF542-984A-4DB2-9597-1FAC00A6A618}"
EndProject
Project("{9A19103F-16F7-4668-BE54-9A1E7A4F7556}") = "Span.ReaderWriter", "..\Span.ReaderWriter\src\Span.ReaderWriter\Span.ReaderWriter.csproj", "{2FBBA506-46CC-4BB1-BE69-37D1090E6999}"
EndProject
Project("{9A19103F-16F7-4668-BE54-9A1E7A4F7556}") = "Xtremegaida.DataStructures", "examples\Xtremegaida.DataStructures\Xtremegaida.DataStructures.csproj", "{57939DE5-D42C-4159-BCC4-D3749B01F7EF}"
EndProject
Project("{9A19103F-16F7-4668-BE54-9A1E7A4F7556}") = "MediaContainers.Matroska", "examples\MediaContainers.Matroska\MediaContainers.Matroska.csproj", "{85DAF737-65D4-4E6C-A105-90392AFCE666}"
EndProject
Global
	GlobalSection(SolutionConfigurationPlatforms) = preSolution
		Debug|Any CPU = Debug|Any CPU
		Release|Any CPU = Release|Any CPU
	EndGlobalSection
	GlobalSection(ProjectConfigurationPlatforms) = postSolution
		{B6269AAC-170A-4346-1234-579DED3D1234}.Debug|Any CPU.ActiveCfg = Debug|Any CPU
		{B6269AAC-170A-4346-1234-579DED3D1234}.Debug|Any CPU.Build.0 = Debug|Any CPU
		{B6269AAC-170A-4346-1234-579DED3D1234}.Release|Any CPU.ActiveCfg = Release|Any CPU
		{B6269AAC-170A-4346-1234-579DED3D1234}.Release|Any CPU.Build.0 = Release|Any CPU
		{6113E57F-C635-45A2-B49D-2BB76193D6E9}.Debug|Any CPU.ActiveCfg = Debug|Any CPU
		{6113E57F-C635-45A2-B49D-2BB76193D6E9}.Debug|Any CPU.Build.0 = Debug|Any CPU
		{6113E57F-C635-45A2-B49D-2BB76193D6E9}.Release|Any CPU.ActiveCfg = Release|Any CPU
		{6113E57F-C635-45A2-B49D-2BB76193D6E9}.Release|Any CPU.Build.0 = Release|Any CPU
		{4C05193C-5952-4099-B7CE-F927AC956754}.Debug|Any CPU.ActiveCfg = Debug|Any CPU
		{4C05193C-5952-4099-B7CE-F927AC956754}.Debug|Any CPU.Build.0 = Debug|Any CPU
		{4C05193C-5952-4099-B7CE-F927AC956754}.Release|Any CPU.ActiveCfg = Release|Any CPU
		{4C05193C-5952-4099-B7CE-F927AC956754}.Release|Any CPU.Build.0 = Release|Any CPU
		{924EF542-984A-4DB2-9597-1FAC00A6A618}.Debug|Any CPU.ActiveCfg = Debug|Any CPU
		{924EF542-984A-4DB2-9597-1FAC00A6A618}.Debug|Any CPU.Build.0 = Debug|Any CPU
		{924EF542-984A-4DB2-9597-1FAC00A6A618}.Release|Any CPU.ActiveCfg = Release|Any CPU
		{924EF542-984A-4DB2-9597-1FAC00A6A618}.Release|Any CPU.Build.0 = Release|Any CPU
		{2FBBA506-46CC-4BB1-BE69-37D1090E6999}.Debug|Any CPU.ActiveCfg = Debug|Any CPU
		{2FBBA506-46CC-4BB1-BE69-37D1090E6999}.Debug|Any CPU.Build.0 = Debug|Any CPU
		{2FBBA506-46CC-4BB1-BE69-37D1090E6999}.Release|Any CPU.ActiveCfg = Release|Any CPU
		{2FBBA506-46CC-4BB1-BE69-37D1090E6999}.Release|Any CPU.Build.0 = Release|Any CPU
		{57939DE5-D42C-4159-BCC4-D3749B01F7EF}.Debug|Any CPU.ActiveCfg = Debug|Any CPU
		{57939DE5-D42C-4159-BCC4-D3749B01F7EF}.Debug|Any CPU.Build.0 = Debug|Any CPU
		{57939DE5-D42C-4159-BCC4-D3749B01F7EF}.Release|Any CPU.ActiveCfg = Release|Any CPU
		{57939DE5-D42C-4159-BCC4-D3749B01F7EF}.Release|Any CPU.Build.0 = Release|Any CPU
		{85DAF737-65D4-4E6C-A105-90392AFCE666}.Debug|Any CPU.ActiveCfg = Debug|Any CPU
		{85DAF737-65D4-4E6C-A105-90392AFCE666}.Debug|Any CPU.Build.0 = Debug|Any CPU
		{85DAF737-65D4-4E6C-A105-90392AFCE666}.Release|Any CPU.ActiveCfg = Release|Any CPU
		{85DAF737-65D4-4E6C-A105-90392AFCE666}.Release|Any CPU.Build.0 = Release|Any CPU
	EndGlobalSection
	GlobalSection(SolutionProperties) = preSolution
		HideSolutionNode = FALSE
	EndGlobalSection
	GlobalSection(NestedProjects) = preSolution
		{B6269AAC-170A-4346-1234-579DED3D1234} = {1078C845-29AD-475F-9DB7-9DACB4422ABC}
		{6113E57F-C635-45A2-B49D-2BB76193D6E9} = {0A5440F7-A395-41CA-ACE5-817920F2172C}
		{4C05193C-5952-4099-B7CE-F927AC956754} = {1078C845-29AD-475F-9DB7-9DACB4422ABC}
		{924EF542-984A-4DB2-9597-1FAC00A6A618} = {0A5440F7-A395-41CA-ACE5-817920F2172C}
		{2FBBA506-46CC-4BB1-BE69-37D1090E6999} = {1078C845-29AD-475F-9DB7-9DACB4422ABC}
		{57939DE5-D42C-4159-BCC4-D3749B01F7EF} = {0A5440F7-A395-41CA-ACE5-817920F2172C}
		{85DAF737-65D4-4E6C-A105-90392AFCE666} = {0A5440F7-A395-41CA-ACE5-817920F2172C}
	EndGlobalSection
	GlobalSection(ExtensibilityGlobals) = postSolution
		SolutionGuid = {DE2715BA-336F-4774-B880-BE171CE1018B}
	EndGlobalSection
EndGlobal
