{
  "name": "ebml-example",
  "version": "1.0.0",
  "lockfileVersion": 2,
  "requires": true,
  "packages": {
    "": {
      "name": "ebml-example",
      "version": "1.0.0",
      "license": "ISC",
      "dependencies": {
        "ebml": "^3.0.0"
      }
    },
    "node_modules/buffers": {
      "version": "0.1.1",
      "resolved": "https://registry.npmjs.org/buffers/-/buffers-0.1.1.tgz",
      "integrity": "sha512-9q/rDEGSb/Qsvv2qvzIzdluL5k7AaJOTrw23z9reQthrbF7is4CtlT0DXyO1oei2DCp4uojjzQ7igaSHp1kAEQ==",
      "engines": {
        "node": ">=0.2.0"
      }
    },
    "node_modules/debug": {
      "version": "3.1.0",
      "resolved": "https://registry.npmjs.org/debug/-/debug-3.1.0.tgz",
      "integrity": "sha512-OX8XqP7/1a9cqkxYw2yXss15f26NKWBpDXQd0/uK/KPqdQhxbPa994hnzjcE2VqQpDslf55723cKPUOGSmMY3g==",
      "dependencies": {
        "ms": "2.0.0"
      }
    },
    "node_modules/ebml": {
      "version": "3.0.0",
      "resolved": "https://registry.npmjs.org/ebml/-/ebml-3.0.0.tgz",
      "integrity": "sha512-Q6C1u4/TX1nYipT9HNIopp95YyyyI0zs1GXdNRKO7XL7k+oo+ZtDc1CaJjpCdmlLxWsnlKBOXJCXkYU0K/Anlg==",
      "dependencies": {
        "buffers": "^0.1.1",
        "debug": "~3.1.0"
      },
      "engines": {
        "node": ">= 6.4"
      }
    },
    "node_modules/ms": {
      "version": "2.0.0",
      "resolved": "https://registry.npmjs.org/ms/-/ms-2.0.0.tgz",
      "integrity": "sha512-Tpp60P6IUJDTuOq/5Z8cdskzJujfwqfOTkrwIwj7IRISpnkJnT6SyJ4PCPnGMoFjC9ddhal5KVIYtAt97ix05A=="
    }
  },
  "dependencies": {
    "buffers": {
      "version": "0.1.1",
      "resolved": "https://registry.npmjs.org/buffers/-/buffers-0.1.1.tgz",
      "integrity": "sha512-9q/rDEGSb/Qsvv2qvzIzdluL5k7AaJOTrw23z9reQthrbF7is4CtlT0DXyO1oei2DCp4uojjzQ7igaSHp1kAEQ=="
    },
    "debug": {
      "version": "3.1.0",
      "resolved": "https://registry.npmjs.org/debug/-/debug-3.1.0.tgz",
      "integrity": "sha512-OX8XqP7/1a9cqkxYw2yXss15f26NKWBpDXQd0/uK/KPqdQhxbPa994hnzjcE2VqQpDslf55723cKPUOGSmMY3g==",
      "requires": {
        "ms": "2.0.0"
      }
    },
    "ebml": {
      "version": "3.0.0",
      "resolved": "https://registry.npmjs.org/ebml/-/ebml-3.0.0.tgz",
      "integrity": "sha512-Q6C1u4/TX1nYipT9HNIopp95YyyyI0zs1GXdNRKO7XL7k+oo+ZtDc1CaJjpCdmlLxWsnlKBOXJCXkYU0K/Anlg==",
      "requires": {
        "buffers": "^0.1.1",
        "debug": "~3.1.0"
      }
    },
    "ms": {
      "version": "2.0.0",
      "resolved": "https://registry.npmjs.org/ms/-/ms-2.0.0.tgz",
      "integrity": "sha512-Tpp60P6IUJDTuOq/5Z8cdskzJujfwqfOTkrwIwj7IRISpnkJnT6SyJ4PCPnGMoFjC9ddhal5KVIYtAt97ix05A=="
    }
  }
}
